Microsoft Visual Studio Solution File, Format Version 12.00
# Visual Studio Version 17
VisualStudioVersion = 17.5.2.0
MinimumVisualStudioVersion = 10.0.40219.1
Project("{FAE04EC0-301F-11D3-BF4B-00C04F79EFBC}") = "dotnet-semantickernel", "dotnet-semantickernel.csproj", "{BF35D7FB-DFEA-3796-8E33-5BC488FBCD5D}"
EndProject
Global
	GlobalSection(SolutionConfigurationPlatforms) = preSolution
		Debug|Any CPU = Debug|Any CPU
		Release|Any CPU = Release|Any CPU
	EndGlobalSection
	GlobalSection(ProjectConfigurationPlatforms) = postSolution
		{BF35D7FB-DFEA-3796-8E33-5BC488FBCD5D}.Debug|Any CPU.ActiveCfg = Debug|Any CPU
		{BF35D7FB-DFEA-3796-8E33-5BC488FBCD5D}.Debug|Any CPU.Build.0 = Debug|Any CPU
		{BF35D7FB-DFEA-3796-8E33-5BC488FBCD5D}.Release|Any CPU.ActiveCfg = Release|Any CPU
		{BF35D7FB-DFEA-3796-8E33-5BC488FBCD5D}.Release|Any CPU.Build.0 = Release|Any CPU
	EndGlobalSection
	GlobalSection(SolutionProperties) = preSolution
		HideSolutionNode = FALSE
	EndGlobalSection
	GlobalSection(ExtensibilityGlobals) = postSolution
		SolutionGuid = {8A8C34A0-DC33-4CEA-BCB1-F43748566CA4}
	EndGlobalSection
EndGlobal
